
Microsoft Visual Studio Solution File, Format Version 12.00
# Visual Studio Version 17
VisualStudioVersion = 17.0.32126.317
MinimumVisualStudioVersion = 10.0.40219.1
Project("{9A19103F-16F7-4668-BE54-9A1E7A4F7556}") = "SWD-Day6", "SWD-Day6.csproj", "{C43EC105-F44B-436C-A3D4-C804A60B419E}"
EndProject
Project("{FAE04EC0-301F-11D3-BF4B-00C04F79EFBC}") = "SWD-Day6-UnitTest", "..\SWD-Day6-UnitTest\SWD-Day6-UnitTest.csproj", "{3059C4B4-F729-4C18-95CE-7B8C32D0074B}"
EndProject
Global
	GlobalSection(SolutionConfigurationPlatforms) = preSolution
		Debug|Any CPU = Debug|Any CPU
		Release|Any CPU = Release|Any CPU
	EndGlobalSection
	GlobalSection(ProjectConfigurationPlatforms) = postSolution
		{C43EC105-F44B-436C-A3D4-C804A60B419E}.Debug|Any CPU.ActiveCfg = Debug|Any CPU
		{C43EC105-F44B-436C-A3D4-C804A60B419E}.Debug|Any CPU.Build.0 = Debug|Any CPU
		{C43EC105-F44B-436C-A3D4-C804A60B419E}.Release|Any CPU.ActiveCfg = Release|Any CPU
		{C43EC105-F44B-436C-A3D4-C804A60B419E}.Release|Any CPU.Build.0 = Release|Any CPU
		{3059C4B4-F729-4C18-95CE-7B8C32D0074B}.Debug|Any CPU.ActiveCfg = Debug|Any CPU
		{3059C4B4-F729-4C18-95CE-7B8C32D0074B}.Debug|Any CPU.Build.0 = Debug|Any CPU
		{3059C4B4-F729-4C18-95CE-7B8C32D0074B}.Release|Any CPU.ActiveCfg = Release|Any CPU
		{3059C4B4-F729-4C18-95CE-7B8C32D0074B}.Release|Any CPU.Build.0 = Release|Any CPU
	EndGlobalSection
	GlobalSection(SolutionProperties) = preSolution
		HideSolutionNode = FALSE
	EndGlobalSection
	GlobalSection(ExtensibilityGlobals) = postSolution
		SolutionGuid = {DA50233C-E918-406B-863E-E13709D4B10C}
	EndGlobalSection
EndGlobal
